
Microsoft Visual Studio Solution File, Format Version 12.00
# Visual Studio Version 16
VisualStudioVersion = 16.0.29123.88
MinimumVisualStudioVersion = 10.0.40219.1
Project("{FAE04EC0-301F-11D3-BF4B-00C04F79EFBC}") = "Pract 1", "Pract 1.csproj", "{65B1895E-4E1A-48A1-AAEE-20DFDE3351CB}"
EndProject
Global
	GlobalSection(SolutionConfigurationPlatforms) = preSolution
		Debug|Any CPU = Debug|Any CPU
		Release|Any CPU = Release|Any CPU
	EndGlobalSection
	GlobalSection(ProjectConfigurationPlatforms) = postSolution
		{65B1895E-4E1A-48A1-AAEE-20DFDE3351CB}.Debug|Any CPU.ActiveCfg = Debug|Any CPU
		{65B1895E-4E1A-48A1-AAEE-20DFDE3351CB}.Debug|Any CPU.Build.0 = Debug|Any CPU
		{65B1895E-4E1A-48A1-AAEE-20DFDE3351CB}.Release|Any CPU.ActiveCfg = Release|Any CPU
		{65B1895E-4E1A-48A1-AAEE-20DFDE3351CB}.Release|Any CPU.Build.0 = Release|Any CPU
	EndGlobalSection
	GlobalSection(SolutionProperties) = preSolution
		HideSolutionNode = FALSE
	EndGlobalSection
	GlobalSection(ExtensibilityGlobals) = postSolution
		SolutionGuid = {8D5B9428-1FB7-4DC0-81FB-0C7F71F89178}
	EndGlobalSection
EndGlobal
