
Microsoft Visual Studio Solution File, Format Version 12.00
# Visual Studio Version 16
VisualStudioVersion = 16.0.29102.190
MinimumVisualStudioVersion = 10.0.40219.1
Project("{FAE04EC0-301F-11D3-BF4B-00C04F79EFBC}") = "Proyecto 1", "Proyecto 1\Proyecto 1.csproj", "{A17F094F-513E-40C1-A5E9-3724A3AAE948}"
EndProject
Global
	GlobalSection(SolutionConfigurationPlatforms) = preSolution
		Debug|Any CPU = Debug|Any CPU
		Release|Any CPU = Release|Any CPU
	EndGlobalSection
	GlobalSection(ProjectConfigurationPlatforms) = postSolution
		{A17F094F-513E-40C1-A5E9-3724A3AAE948}.Debug|Any CPU.ActiveCfg = Debug|Any CPU
		{A17F094F-513E-40C1-A5E9-3724A3AAE948}.Debug|Any CPU.Build.0 = Debug|Any CPU
		{A17F094F-513E-40C1-A5E9-3724A3AAE948}.Release|Any CPU.ActiveCfg = Release|Any CPU
		{A17F094F-513E-40C1-A5E9-3724A3AAE948}.Release|Any CPU.Build.0 = Release|Any CPU
	EndGlobalSection
	GlobalSection(SolutionProperties) = preSolution
		HideSolutionNode = FALSE
	EndGlobalSection
	GlobalSection(ExtensibilityGlobals) = postSolution
		SolutionGuid = {F3503B40-DCF8-4ACF-A9E1-65742AE75B08}
	EndGlobalSection
EndGlobal
